
Microsoft Visual Studio Solution File, Format Version 12.00
# Visual Studio Version 17
VisualStudioVersion = 17.5.33530.505
MinimumVisualStudioVersion = 10.0.40219.1
Project("{FAE04EC0-301F-11D3-BF4B-00C04F79EFBC}") = "VendaGEEK", "VendaGEEK\VendaGEEK.csproj", "{CC02B3EA-4B1C-4049-AAF0-93BE24FFA027}"
EndProject
Global
	GlobalSection(SolutionConfigurationPlatforms) = preSolution
		Debug|Any CPU = Debug|Any CPU
		Release|Any CPU = Release|Any CPU
	EndGlobalSection
	GlobalSection(ProjectConfigurationPlatforms) = postSolution
		{CC02B3EA-4B1C-4049-AAF0-93BE24FFA027}.Debug|Any CPU.ActiveCfg = Debug|Any CPU
		{CC02B3EA-4B1C-4049-AAF0-93BE24FFA027}.Debug|Any CPU.Build.0 = Debug|Any CPU
		{CC02B3EA-4B1C-4049-AAF0-93BE24FFA027}.Release|Any CPU.ActiveCfg = Release|Any CPU
		{CC02B3EA-4B1C-4049-AAF0-93BE24FFA027}.Release|Any CPU.Build.0 = Release|Any CPU
	EndGlobalSection
	GlobalSection(SolutionProperties) = preSolution
		HideSolutionNode = FALSE
	EndGlobalSection
	GlobalSection(ExtensibilityGlobals) = postSolution
		SolutionGuid = {5E4FE71D-4ECC-4A2F-92EF-9ECA299E2D24}
	EndGlobalSection
EndGlobal
